
Microsoft Visual Studio Solution File, Format Version 12.00
# Visual Studio Version 16
VisualStudioVersion = 16.0.29728.190
MinimumVisualStudioVersion = 10.0.40219.1
Project("{FAE04EC0-301F-11D3-BF4B-00C04F79EFBC}") = "WebApplication1", "WebApplication1\WebApplication1.csproj", "{6DF256A7-543A-4E41-B28E-ED3F78A46680}"
EndProject
Global
	GlobalSection(SolutionConfigurationPlatforms) = preSolution
		Debug|Any CPU = Debug|Any CPU
		Release|Any CPU = Release|Any CPU
	EndGlobalSection
	GlobalSection(ProjectConfigurationPlatforms) = postSolution
		{6DF256A7-543A-4E41-B28E-ED3F78A46680}.Debug|Any CPU.ActiveCfg = Debug|Any CPU
		{6DF256A7-543A-4E41-B28E-ED3F78A46680}.Debug|Any CPU.Build.0 = Debug|Any CPU
		{6DF256A7-543A-4E41-B28E-ED3F78A46680}.Release|Any CPU.ActiveCfg = Release|Any CPU
		{6DF256A7-543A-4E41-B28E-ED3F78A46680}.Release|Any CPU.Build.0 = Release|Any CPU
	EndGlobalSection
	GlobalSection(SolutionProperties) = preSolution
		HideSolutionNode = FALSE
	EndGlobalSection
	GlobalSection(ExtensibilityGlobals) = postSolution
		SolutionGuid = {88AC2003-0945-4C97-97D7-E28F65C12D01}
	EndGlobalSection
EndGlobal
